
Microsoft Visual Studio Solution File, Format Version 12.00
# Visual Studio Version 17
VisualStudioVersion = 17.14.36301.6 d17.14
MinimumVisualStudioVersion = 10.0.40219.1
Project("{FAE04EC0-301F-11D3-BF4B-00C04F79EFBC}") = "ParserCSV", "ParserCSV\ParserCSV.csproj", "{87A8E322-3CB9-4AB7-907D-A9F1864B6E44}"
EndProject
Global
	GlobalSection(SolutionConfigurationPlatforms) = preSolution
		Debug|Any CPU = Debug|Any CPU
		Release|Any CPU = Release|Any CPU
	EndGlobalSection
	GlobalSection(ProjectConfigurationPlatforms) = postSolution
		{87A8E322-3CB9-4AB7-907D-A9F1864B6E44}.Debug|Any CPU.ActiveCfg = Debug|Any CPU
		{87A8E322-3CB9-4AB7-907D-A9F1864B6E44}.Debug|Any CPU.Build.0 = Debug|Any CPU
		{87A8E322-3CB9-4AB7-907D-A9F1864B6E44}.Release|Any CPU.ActiveCfg = Release|Any CPU
		{87A8E322-3CB9-4AB7-907D-A9F1864B6E44}.Release|Any CPU.Build.0 = Release|Any CPU
	EndGlobalSection
	GlobalSection(SolutionProperties) = preSolution
		HideSolutionNode = FALSE
	EndGlobalSection
	GlobalSection(ExtensibilityGlobals) = postSolution
		SolutionGuid = {0E111B06-FDA5-4DF9-A661-E3AF15BF0BA2}
	EndGlobalSection
EndGlobal
