
Microsoft Visual Studio Solution File, Format Version 12.00
# Visual Studio Version 17
VisualStudioVersion = 17.14.36301.6 d17.14
MinimumVisualStudioVersion = 10.0.40219.1
Project("{FAE04EC0-301F-11D3-BF4B-00C04F79EFBC}") = "BankingSolution.API", "BankingSolution\BankingSolution.API.csproj", "{6C690956-F108-48D2-9B32-F1A076927BBD}"
	ProjectSection(ProjectDependencies) = postProject
		{386E6FEC-6C1B-4333-8391-CB3718691FC5} = {386E6FEC-6C1B-4333-8391-CB3718691FC5}
	EndProjectSection
EndProject
Project("{FAE04EC0-301F-11D3-BF4B-00C04F79EFBC}") = "BankingSolution.Core", "BankingSolution.Core\BankingSolution.Core.csproj", "{85D61063-AB12-4302-9425-1D902B84635C}"
EndProject
Project("{FAE04EC0-301F-11D3-BF4B-00C04F79EFBC}") = "BankingSolution.Infrastructure", "BankingSolution.Infrastructure\BankingSolution.Infrastructure.csproj", "{60CEB918-5E55-4AC1-8194-77B2CB5C22A2}"
	ProjectSection(ProjectDependencies) = postProject
		{85D61063-AB12-4302-9425-1D902B84635C} = {85D61063-AB12-4302-9425-1D902B84635C}
	EndProjectSection
EndProject
Project("{FAE04EC0-301F-11D3-BF4B-00C04F79EFBC}") = "BankingSolution.Application", "BankingSolution.Application\BankingSolution.Application.csproj", "{386E6FEC-6C1B-4333-8391-CB3718691FC5}"
	ProjectSection(ProjectDependencies) = postProject
		{60CEB918-5E55-4AC1-8194-77B2CB5C22A2} = {60CEB918-5E55-4AC1-8194-77B2CB5C22A2}
		{85D61063-AB12-4302-9425-1D902B84635C} = {85D61063-AB12-4302-9425-1D902B84635C}
	EndProjectSection
EndProject
Project("{FAE04EC0-301F-11D3-BF4B-00C04F79EFBC}") = "BankingSolution.Tests", "BankingSolution.Tests\BankingSolution.Tests.csproj", "{A71290FD-9C1C-4BAC-B024-DE47D4D5E40F}"
	ProjectSection(ProjectDependencies) = postProject
		{386E6FEC-6C1B-4333-8391-CB3718691FC5} = {386E6FEC-6C1B-4333-8391-CB3718691FC5}
		{60CEB918-5E55-4AC1-8194-77B2CB5C22A2} = {60CEB918-5E55-4AC1-8194-77B2CB5C22A2}
		{6C690956-F108-48D2-9B32-F1A076927BBD} = {6C690956-F108-48D2-9B32-F1A076927BBD}
	EndProjectSection
EndProject
Global
	GlobalSection(SolutionConfigurationPlatforms) = preSolution
		Debug|Any CPU = Debug|Any CPU
		Release|Any CPU = Release|Any CPU
	EndGlobalSection
	GlobalSection(ProjectConfigurationPlatforms) = postSolution
		{6C690956-F108-48D2-9B32-F1A076927BBD}.Debug|Any CPU.ActiveCfg = Debug|Any CPU
		{6C690956-F108-48D2-9B32-F1A076927BBD}.Debug|Any CPU.Build.0 = Debug|Any CPU
		{6C690956-F108-48D2-9B32-F1A076927BBD}.Release|Any CPU.ActiveCfg = Release|Any CPU
		{6C690956-F108-48D2-9B32-F1A076927BBD}.Release|Any CPU.Build.0 = Release|Any CPU
		{85D61063-AB12-4302-9425-1D902B84635C}.Debug|Any CPU.ActiveCfg = Debug|Any CPU
		{85D61063-AB12-4302-9425-1D902B84635C}.Debug|Any CPU.Build.0 = Debug|Any CPU
		{85D61063-AB12-4302-9425-1D902B84635C}.Release|Any CPU.ActiveCfg = Release|Any CPU
		{85D61063-AB12-4302-9425-1D902B84635C}.Release|Any CPU.Build.0 = Release|Any CPU
		{60CEB918-5E55-4AC1-8194-77B2CB5C22A2}.Debug|Any CPU.ActiveCfg = Debug|Any CPU
		{60CEB918-5E55-4AC1-8194-77B2CB5C22A2}.Debug|Any CPU.Build.0 = Debug|Any CPU
		{60CEB918-5E55-4AC1-8194-77B2CB5C22A2}.Release|Any CPU.ActiveCfg = Release|Any CPU
		{60CEB918-5E55-4AC1-8194-77B2CB5C22A2}.Release|Any CPU.Build.0 = Release|Any CPU
		{386E6FEC-6C1B-4333-8391-CB3718691FC5}.Debug|Any CPU.ActiveCfg = Debug|Any CPU
		{386E6FEC-6C1B-4333-8391-CB3718691FC5}.Debug|Any CPU.Build.0 = Debug|Any CPU
		{386E6FEC-6C1B-4333-8391-CB3718691FC5}.Release|Any CPU.ActiveCfg = Release|Any CPU
		{386E6FEC-6C1B-4333-8391-CB3718691FC5}.Release|Any CPU.Build.0 = Release|Any CPU
		{A71290FD-9C1C-4BAC-B024-DE47D4D5E40F}.Debug|Any CPU.ActiveCfg = Debug|Any CPU
		{A71290FD-9C1C-4BAC-B024-DE47D4D5E40F}.Debug|Any CPU.Build.0 = Debug|Any CPU
		{A71290FD-9C1C-4BAC-B024-DE47D4D5E40F}.Release|Any CPU.ActiveCfg = Release|Any CPU
		{A71290FD-9C1C-4BAC-B024-DE47D4D5E40F}.Release|Any CPU.Build.0 = Release|Any CPU
	EndGlobalSection
	GlobalSection(SolutionProperties) = preSolution
		HideSolutionNode = FALSE
	EndGlobalSection
	GlobalSection(ExtensibilityGlobals) = postSolution
		SolutionGuid = {181EF903-3C70-4503-8C4F-1F231495F31A}
	EndGlobalSection
EndGlobal
